
Microsoft Visual Studio Solution File, Format Version 12.00
# Visual Studio Version 17
VisualStudioVersion = 17.9.34701.34
MinimumVisualStudioVersion = 10.0.40219.1
Project("{FAE04EC0-301F-11D3-BF4B-00C04F79EFBC}") = "VocPoc", "VocPoc\VocPoc.csproj", "{8EC63A09-D788-4E13-8ECD-87494810430F}"
EndProject
Global
	GlobalSection(SolutionConfigurationPlatforms) = preSolution
		Debug|Any CPU = Debug|Any CPU
		Debug|ARM64 = Debug|ARM64
		Release|Any CPU = Release|Any CPU
		Release|ARM64 = Release|ARM64
	EndGlobalSection
	GlobalSection(ProjectConfigurationPlatforms) = postSolution
		{8EC63A09-D788-4E13-8ECD-87494810430F}.Debug|Any CPU.ActiveCfg = Debug|Any CPU
		{8EC63A09-D788-4E13-8ECD-87494810430F}.Debug|Any CPU.Build.0 = Debug|Any CPU
		{8EC63A09-D788-4E13-8ECD-87494810430F}.Debug|ARM64.ActiveCfg = Debug|Any CPU
		{8EC63A09-D788-4E13-8ECD-87494810430F}.Debug|ARM64.Build.0 = Debug|Any CPU
		{8EC63A09-D788-4E13-8ECD-87494810430F}.Release|Any CPU.ActiveCfg = Release|Any CPU
		{8EC63A09-D788-4E13-8ECD-87494810430F}.Release|Any CPU.Build.0 = Release|Any CPU
		{8EC63A09-D788-4E13-8ECD-87494810430F}.Release|ARM64.ActiveCfg = Release|ARM64
		{8EC63A09-D788-4E13-8ECD-87494810430F}.Release|ARM64.Build.0 = Release|ARM64
	EndGlobalSection
	GlobalSection(SolutionProperties) = preSolution
		HideSolutionNode = FALSE
	EndGlobalSection
	GlobalSection(ExtensibilityGlobals) = postSolution
		SolutionGuid = {3D5FDC1E-CDC3-4E24-8962-542EEA708D21}
	EndGlobalSection
EndGlobal
